// !$*UTF8*$!
{
	archiveVersion = 1;
	classes = {
	};
	objectVersion = 55;
	objects = {

/* Begin PBXBuildFile section */
		3E08569C2750CA5800CE7F47 /* FirebaseAuth in Frameworks */ = {isa = PBXBuildFile; productRef = 3E08569B2750CA5800CE7F47 /* FirebaseAuth */; };
		3E08569E2750CA6B00CE7F47 /* GoogleService-Info.plist in Resources */ = {isa = PBXBuildFile; fileRef = 3E08569D2750CA6B00CE7F47 /* GoogleService-Info.plist */; };
		6E762BB02752A24B00950FED /* CalendarViewController.swift in Sources */ = {isa = PBXBuildFile; fileRef = 6E762BAF2752A24B00950FED /* CalendarViewController.swift */; };
		6E762BB22752A59A00950FED /* SettingsViewController.swift in Sources */ = {isa = PBXBuildFile; fileRef = 6E762BB12752A59A00950FED /* SettingsViewController.swift */; };
		6E762BB42752A72200950FED /* QuestionaireViewController.swift in Sources */ = {isa = PBXBuildFile; fileRef = 6E762BB32752A72200950FED /* QuestionaireViewController.swift */; };
		6EAD7096275B330D00E8C91C /* Colors.xcassets in Resources */ = {isa = PBXBuildFile; fileRef = 6EAD7095275B330D00E8C91C /* Colors.xcassets */; };
		6EC2E7CF273CC6570062B283 /* AppDelegate.swift in Sources */ = {isa = PBXBuildFile; fileRef = 6EC2E7CE273CC6570062B283 /* AppDelegate.swift */; };
		6EC2E7D1273CC6570062B283 /* SceneDelegate.swift in Sources */ = {isa = PBXBuildFile; fileRef = 6EC2E7D0273CC6570062B283 /* SceneDelegate.swift */; };
		6EC2E7D3273CC6570062B283 /* ViewController.swift in Sources */ = {isa = PBXBuildFile; fileRef = 6EC2E7D2273CC6570062B283 /* ViewController.swift */; };
		6EC2E7D6273CC6570062B283 /* Main.storyboard in Resources */ = {isa = PBXBuildFile; fileRef = 6EC2E7D4273CC6570062B283 /* Main.storyboard */; };
		6EC2E7D9273CC6570062B283 /* CS329E_Final.xcdatamodeld in Sources */ = {isa = PBXBuildFile; fileRef = 6EC2E7D7273CC6570062B283 /* CS329E_Final.xcdatamodeld */; };
		6EC2E7DB273CC6580062B283 /* Assets.xcassets in Resources */ = {isa = PBXBuildFile; fileRef = 6EC2E7DA273CC6580062B283 /* Assets.xcassets */; };
		6EC2E7DE273CC6580062B283 /* LaunchScreen.storyboard in Resources */ = {isa = PBXBuildFile; fileRef = 6EC2E7DC273CC6580062B283 /* LaunchScreen.storyboard */; };
		6EC2E7E9273CC6580062B283 /* CS329E_FinalTests.swift in Sources */ = {isa = PBXBuildFile; fileRef = 6EC2E7E8273CC6580062B283 /* CS329E_FinalTests.swift */; };
		6EC2E7F3273CC6580062B283 /* CS329E_FinalUITests.swift in Sources */ = {isa = PBXBuildFile; fileRef = 6EC2E7F2273CC6580062B283 /* CS329E_FinalUITests.swift */; };
		6EC2E7F5273CC6580062B283 /* CS329E_FinalUITestsLaunchTests.swift in Sources */ = {isa = PBXBuildFile; fileRef = 6EC2E7F4273CC6580062B283 /* CS329E_FinalUITestsLaunchTests.swift */; };
		B727872D27542A7500B15EDC /* CalendarCollectionViewCell.swift in Sources */ = {isa = PBXBuildFile; fileRef = B727872C27542A7500B15EDC /* CalendarCollectionViewCell.swift */; };
/* End PBXBuildFile section */

/* Begin PBXContainerItemProxy section */
		6EC2E7E5273CC6580062B283 /* PBXContainerItemProxy */ = {
			isa = PBXContainerItemProxy;
			containerPortal = 6EC2E7C3273CC6570062B283 /* Project object */;
			proxyType = 1;
			remoteGlobalIDString = 6EC2E7CA273CC6570062B283;
			remoteInfo = "CS329E-Final";
		};
		6EC2E7EF273CC6580062B283 /* PBXContainerItemProxy */ = {
			isa = PBXContainerItemProxy;
			containerPortal = 6EC2E7C3273CC6570062B283 /* Project object */;
			proxyType = 1;
			remoteGlobalIDString = 6EC2E7CA273CC6570062B283;
			remoteInfo = "CS329E-Final";
		};
/* End PBXContainerItemProxy section */

/* Begin PBXFileReference section */
		3E08569D2750CA6B00CE7F47 /* GoogleService-Info.plist */ = {isa = PBXFileReference; fileEncoding = 4; lastKnownFileType = text.plist.xml; path = "GoogleService-Info.plist"; sourceTree = "<group>"; };
		6E762BAF2752A24B00950FED /* CalendarViewController.swift */ = {isa = PBXFileReference; lastKnownFileType = sourcecode.swift; path = CalendarViewController.swift; sourceTree = "<group>"; };
		6E762BB12752A59A00950FED /* SettingsViewController.swift */ = {isa = PBXFileReference; lastKnownFileType = sourcecode.swift; path = SettingsViewController.swift; sourceTree = "<group>"; };
		6E762BB32752A72200950FED /* QuestionaireViewController.swift */ = {isa = PBXFileReference; lastKnownFileType = sourcecode.swift; path = QuestionaireViewController.swift; sourceTree = "<group>"; };
		6EAD7095275B330D00E8C91C /* Colors.xcassets */ = {isa = PBXFileReference; lastKnownFileType = folder.assetcatalog; path = Colors.xcassets; sourceTree = "<group>"; };
		6EC2E7CB273CC6570062B283 /* CS329E-Final.app */ = {isa = PBXFileReference; explicitFileType = wrapper.application; includeInIndex = 0; path = "CS329E-Final.app"; sourceTree = BUILT_PRODUCTS_DIR; };
		6EC2E7CE273CC6570062B283 /* AppDelegate.swift */ = {isa = PBXFileReference; lastKnownFileType = sourcecode.swift; path = AppDelegate.swift; sourceTree = "<group>"; };
		6EC2E7D0273CC6570062B283 /* SceneDelegate.swift */ = {isa = PBXFileReference; lastKnownFileType = sourcecode.swift; path = SceneDelegate.swift; sourceTree = "<group>"; };
		6EC2E7D2273CC6570062B283 /* ViewController.swift */ = {isa = PBXFileReference; lastKnownFileType = sourcecode.swift; path = ViewController.swift; sourceTree = "<group>"; };
		6EC2E7D5273CC6570062B283 /* Base */ = {isa = PBXFileReference; lastKnownFileType = file.storyboard; name = Base; path = Base.lproj/Main.storyboard; sourceTree = "<group>"; };
		6EC2E7D8273CC6570062B283 /* CS329E_Final.xcdatamodel */ = {isa = PBXFileReference; lastKnownFileType = wrapper.xcdatamodel; path = CS329E_Final.xcdatamodel; sourceTree = "<group>"; };
		6EC2E7DA273CC6580062B283 /* Assets.xcassets */ = {isa = PBXFileReference; lastKnownFileType = folder.assetcatalog; path = Assets.xcassets; sourceTree = "<group>"; };
		6EC2E7DD273CC6580062B283 /* Base */ = {isa = PBXFileReference; lastKnownFileType = file.storyboard; name = Base; path = Base.lproj/LaunchScreen.storyboard; sourceTree = "<group>"; };
		6EC2E7DF273CC6580062B283 /* Info.plist */ = {isa = PBXFileReference; lastKnownFileType = text.plist.xml; path = Info.plist; sourceTree = "<group>"; };
		6EC2E7E4273CC6580062B283 /* CS329E-FinalTests.xctest */ = {isa = PBXFileReference; explicitFileType = wrapper.cfbundle; includeInIndex = 0; path = "CS329E-FinalTests.xctest"; sourceTree = BUILT_PRODUCTS_DIR; };
		6EC2E7E8273CC6580062B283 /* CS329E_FinalTests.swift */ = {isa = PBXFileReference; lastKnownFileType = sourcecode.swift; path = CS329E_FinalTests.swift; sourceTree = "<group>"; };
		6EC2E7EE273CC6580062B283 /* CS329E-FinalUITests.xctest */ = {isa = PBXFileReference; explicitFileType = wrapper.cfbundle; includeInIndex = 0; path = "CS329E-FinalUITests.xctest"; sourceTree = BUILT_PRODUCTS_DIR; };
		6EC2E7F2273CC6580062B283 /* CS329E_FinalUITests.swift */ = {isa = PBXFileReference; lastKnownFileType = sourcecode.swift; path = CS329E_FinalUITests.swift; sourceTree = "<group>"; };
		6EC2E7F4273CC6580062B283 /* CS329E_FinalUITestsLaunchTests.swift */ = {isa = PBXFileReference; lastKnownFileType = sourcecode.swift; path = CS329E_FinalUITestsLaunchTests.swift; sourceTree = "<group>"; };
		B727872C27542A7500B15EDC /* CalendarCollectionViewCell.swift */ = {isa = PBXFileReference; lastKnownFileType = sourcecode.swift; path = CalendarCollectionViewCell.swift; sourceTree = "<group>"; };
/* End PBXFileReference section */

/* Begin PBXFrameworksBuildPhase section */
		6EC2E7C8273CC6570062B283 /* Frameworks */ = {
			isa = PBXFrameworksBuildPhase;
			buildActionMask = 2147483647;
			files = (
				3E08569C2750CA5800CE7F47 /* FirebaseAuth in Frameworks */,
			);
			runOnlyForDeploymentPostprocessing = 0;
		};
		6EC2E7E1273CC6580062B283 /* Frameworks */ = {
			isa = PBXFrameworksBuildPhase;
			buildActionMask = 2147483647;
			files = (
			);
			runOnlyForDeploymentPostprocessing = 0;
		};
		6EC2E7EB273CC6580062B283 /* Frameworks */ = {
			isa = PBXFrameworksBuildPhase;
			buildActionMask = 2147483647;
			files = (
			);
			runOnlyForDeploymentPostprocessing = 0;
		};
/* End PBXFrameworksBuildPhase section */

/* Begin PBXGroup section */
		6EC2E7C2273CC6570062B283 = {
			isa = PBXGroup;
			children = (
				6EC2E7CD273CC6570062B283 /* CS329E-Final */,
				6EC2E7E7273CC6580062B283 /* CS329E-FinalTests */,
				6EC2E7F1273CC6580062B283 /* CS329E-FinalUITests */,
				6EC2E7CC273CC6570062B283 /* Products */,
			);
			sourceTree = "<group>";
		};
		6EC2E7CC273CC6570062B283 /* Products */ = {
			isa = PBXGroup;
			children = (
				6EC2E7CB273CC6570062B283 /* CS329E-Final.app */,
				6EC2E7E4273CC6580062B283 /* CS329E-FinalTests.xctest */,
				6EC2E7EE273CC6580062B283 /* CS329E-FinalUITests.xctest */,
			);
			name = Products;
			sourceTree = "<group>";
		};
		6EC2E7CD273CC6570062B283 /* CS329E-Final */ = {
			isa = PBXGroup;
			children = (
				3E08569D2750CA6B00CE7F47 /* GoogleService-Info.plist */,
				6EC2E7CE273CC6570062B283 /* AppDelegate.swift */,
				6EC2E7D0273CC6570062B283 /* SceneDelegate.swift */,
				6EC2E7D2273CC6570062B283 /* ViewController.swift */,
				6EC2E7D4273CC6570062B283 /* Main.storyboard */,
				6EC2E7DA273CC6580062B283 /* Assets.xcassets */,
				6EAD7095275B330D00E8C91C /* Colors.xcassets */,
				6EC2E7DC273CC6580062B283 /* LaunchScreen.storyboard */,
				6EC2E7DF273CC6580062B283 /* Info.plist */,
				6EC2E7D7273CC6570062B283 /* CS329E_Final.xcdatamodeld */,
				6E762BAF2752A24B00950FED /* CalendarViewController.swift */,
				B727872C27542A7500B15EDC /* CalendarCollectionViewCell.swift */,
				6E762BB12752A59A00950FED /* SettingsViewController.swift */,
				6E762BB32752A72200950FED /* QuestionaireViewController.swift */,
			);
			path = "CS329E-Final";
			sourceTree = "<group>";
		};
		6EC2E7E7273CC6580062B283 /* CS329E-FinalTests */ = {
			isa = PBXGroup;
			children = (
				6EC2E7E8273CC6580062B283 /* CS329E_FinalTests.swift */,
			);
			path = "CS329E-FinalTests";
			sourceTree = "<group>";
		};
		6EC2E7F1273CC6580062B283 /* CS329E-FinalUITests */ = {
			isa = PBXGroup;
			children = (
				6EC2E7F2273CC6580062B283 /* CS329E_FinalUITests.swift */,
				6EC2E7F4273CC6580062B283 /* CS329E_FinalUITestsLaunchTests.swift */,
			);
			path = "CS329E-FinalUITests";
			sourceTree = "<group>";
		};
/* End PBXGroup section */

/* Begin PBXNativeTarget section */
		6EC2E7CA273CC6570062B283 /* CS329E-Final */ = {
			isa = PBXNativeTarget;
			buildConfigurationList = 6EC2E7F8273CC6580062B283 /* Build configuration list for PBXNativeTarget "CS329E-Final" */;
			buildPhases = (
				6EC2E7C7273CC6570062B283 /* Sources */,
				6EC2E7C8273CC6570062B283 /* Frameworks */,
				6EC2E7C9273CC6570062B283 /* Resources */,
			);
			buildRules = (
			);
			dependencies = (
			);
			name = "CS329E-Final";
			packageProductDependencies = (
				3E08569B2750CA5800CE7F47 /* FirebaseAuth */,
			);
			productName = "CS329E-Final";
			productReference = 6EC2E7CB273CC6570062B283 /* CS329E-Final.app */;
			productType = "com.apple.product-type.application";
		};
		6EC2E7E3273CC6580062B283 /* CS329E-FinalTests */ = {
			isa = PBXNativeTarget;
			buildConfigurationList = 6EC2E7FB273CC6580062B283 /* Build configuration list for PBXNativeTarget "CS329E-FinalTests" */;
			buildPhases = (
				6EC2E7E0273CC6580062B283 /* Sources */,
				6EC2E7E1273CC6580062B283 /* Frameworks */,
				6EC2E7E2273CC6580062B283 /* Resources */,
			);
			buildRules = (
			);
			dependencies = (
				6EC2E7E6273CC6580062B283 /* PBXTargetDependency */,
			);
			name = "CS329E-FinalTests";
			productName = "CS329E-FinalTests";
			productReference = 6EC2E7E4273CC6580062B283 /* CS329E-FinalTests.xctest */;
			productType = "com.apple.product-type.bundle.unit-test";
		};
		6EC2E7ED273CC6580062B283 /* CS329E-FinalUITests */ = {
			isa = PBXNativeTarget;
			buildConfigurationList = 6EC2E7FE273CC6580062B283 /* Build configuration list for PBXNativeTarget "CS329E-FinalUITests" */;
			buildPhases = (
				6EC2E7EA273CC6580062B283 /* Sources */,
				6EC2E7EB273CC6580062B283 /* Frameworks */,
				6EC2E7EC273CC6580062B283 /* Resources */,
			);
			buildRules = (
			);
			dependencies = (
				6EC2E7F0273CC6580062B283 /* PBXTargetDependency */,
			);
			name = "CS329E-FinalUITests";
			productName = "CS329E-FinalUITests";
			productReference = 6EC2E7EE273CC6580062B283 /* CS329E-FinalUITests.xctest */;
			productType = "com.apple.product-type.bundle.ui-testing";
		};
/* End PBXNativeTarget section */

/* Begin PBXProject section */
		6EC2E7C3273CC6570062B283 /* Project object */ = {
			isa = PBXProject;
			attributes = {
				BuildIndependentTargetsInParallel = 1;
				LastSwiftUpdateCheck = 1310;
				LastUpgradeCheck = 1310;
				TargetAttributes = {
					6EC2E7CA273CC6570062B283 = {
						CreatedOnToolsVersion = 13.1;
					};
					6EC2E7E3273CC6580062B283 = {
						CreatedOnToolsVersion = 13.1;
						TestTargetID = 6EC2E7CA273CC6570062B283;
					};
					6EC2E7ED273CC6580062B283 = {
						CreatedOnToolsVersion = 13.1;
						TestTargetID = 6EC2E7CA273CC6570062B283;
					};
				};
			};
			buildConfigurationList = 6EC2E7C6273CC6570062B283 /* Build configuration list for PBXProject "CS329E-Final" */;
			compatibilityVersion = "Xcode 13.0";
			developmentRegion = en;
			hasScannedForEncodings = 0;
			knownRegions = (
				en,
				Base,
			);
			mainGroup = 6EC2E7C2273CC6570062B283;
			packageReferences = (
				3E08569A2750CA5800CE7F47 /* XCRemoteSwiftPackageReference "firebase-ios-sdk" */,
			);
			productRefGroup = 6EC2E7CC273CC6570062B283 /* Products */;
			projectDirPath = "";
			projectRoot = "";
			targets = (
				6EC2E7CA273CC6570062B283 /* CS329E-Final */,
				6EC2E7E3273CC6580062B283 /* CS329E-FinalTests */,
				6EC2E7ED273CC6580062B283 /* CS329E-FinalUITests */,
			);
		};
/* End PBXProject section */

/* Begin PBXResourcesBuildPhase section */
		6EC2E7C9273CC6570062B283 /* Resources */ = {
			isa = PBXResourcesBuildPhase;
			buildActionMask = 2147483647;
			files = (
				6EAD7096275B330D00E8C91C /* Colors.xcassets in Resources */,
				6EC2E7DE273CC6580062B283 /* LaunchScreen.storyboard in Resources */,
				3E08569E2750CA6B00CE7F47 /* GoogleService-Info.plist in Resources */,
				6EC2E7DB273CC6580062B283 /* Assets.xcassets in Resources */,
				6EC2E7D6273CC6570062B283 /* Main.storyboard in Resources */,
			);
			runOnlyForDeploymentPostprocessing = 0;
		};
		6EC2E7E2273CC6580062B283 /* Resources */ = {
			isa = PBXResourcesBuildPhase;
			buildActionMask = 2147483647;
			files = (
			);
			runOnlyForDeploymentPostprocessing = 0;
		};
		6EC2E7EC273CC6580062B283 /* Resources */ = {
			isa = PBXResourcesBuildPhase;
			buildActionMask = 2147483647;
			files = (
			);
			runOnlyForDeploymentPostprocessing = 0;
		};
/* End PBXResourcesBuildPhase section */

/* Begin PBXSourcesBuildPhase section */
		6EC2E7C7273CC6570062B283 /* Sources */ = {
			isa = PBXSourcesBuildPhase;
			buildActionMask = 2147483647;
			files = (
				6E762BB02752A24B00950FED /* CalendarViewController.swift in Sources */,
				6EC2E7D3273CC6570062B283 /* ViewController.swift in Sources */,
				6EC2E7CF273CC6570062B283 /* AppDelegate.swift in Sources */,
				6EC2E7D1273CC6570062B283 /* SceneDelegate.swift in Sources */,
				6EC2E7D9273CC6570062B283 /* CS329E_Final.xcdatamodeld in Sources */,
				B727872D27542A7500B15EDC /* CalendarCollectionViewCell.swift in Sources */,
				6E762BB22752A59A00950FED /* SettingsViewController.swift in Sources */,
				6E762BB42752A72200950FED /* QuestionaireViewController.swift in Sources */,
			);
			runOnlyForDeploymentPostprocessing = 0;
		};
		6EC2E7E0273CC6580062B283 /* Sources */ = {
			isa = PBXSourcesBuildPhase;
			buildActionMask = 2147483647;
			files = (
				6EC2E7E9273CC6580062B283 /* CS329E_FinalTests.swift in Sources */,
			);
			runOnlyForDeploymentPostprocessing = 0;
		};
		6EC2E7EA273CC6580062B283 /* Sources */ = {
			isa = PBXSourcesBuildPhase;
			buildActionMask = 2147483647;
			files = (
				6EC2E7F5273CC6580062B283 /* CS329E_FinalUITestsLaunchTests.swift in Sources */,
				6EC2E7F3273CC6580062B283 /* CS329E_FinalUITests.swift in Sources */,
			);
			runOnlyForDeploymentPostprocessing = 0;
		};
/* End PBXSourcesBuildPhase section */

/* Begin PBXTargetDependency section */
		6EC2E7E6273CC6580062B283 /* PBXTargetDependency */ = {
			isa = PBXTargetDependency;
			target = 6EC2E7CA273CC6570062B283 /* CS329E-Final */;
			targetProxy = 6EC2E7E5273CC6580062B283 /* PBXContainerItemProxy */;
		};
		6EC2E7F0273CC6580062B283 /* PBXTargetDependency */ = {
			isa = PBXTargetDependency;
			target = 6EC2E7CA273CC6570062B283 /* CS329E-Final */;
			targetProxy = 6EC2E7EF273CC6580062B283 /* PBXContainerItemProxy */;
		};
/* End PBXTargetDependency section */

/* Begin PBXVariantGroup section */
		6EC2E7D4273CC6570062B283 /* Main.storyboard */ = {
			isa = PBXVariantGroup;
			children = (
				6EC2E7D5273CC6570062B283 /* Base */,
			);
			name = Main.storyboard;
			sourceTree = "<group>";
		};
		6EC2E7DC273CC6580062B283 /* LaunchScreen.storyboard */ = {
			isa = PBXVariantGroup;
			children = (
				6EC2E7DD273CC6580062B283 /* Base */,
			);
			name = LaunchScreen.storyboard;
			sourceTree = "<group>";
		};
/* End PBXVariantGroup section */

/* Begin XCBuildConfiguration section */
		6EC2E7F6273CC6580062B283 /* Debug */ = {
			isa = XCBuildConfiguration;
			buildSettings = {
				ALWAYS_SEARCH_USER_PATHS = NO;
				CLANG_ANALYZER_NONNULL = YES;
				CLANG_ANALYZER_NUMBER_OBJECT_CONVERSION = YES_AGGRESSIVE;
				CLANG_CXX_LANGUAGE_STANDARD = "gnu++17";
				CLANG_CXX_LIBRARY = "libc++";
				CLANG_ENABLE_MODULES = YES;
				CLANG_ENABLE_OBJC_ARC = YES;
				CLANG_ENABLE_OBJC_WEAK = YES;
				CLANG_WARN_BLOCK_CAPTURE_AUTORELEASING = YES;
				CLANG_WARN_BOOL_CONVERSION = YES;
				CLANG_WARN_COMMA = YES;
				CLANG_WARN_CONSTANT_CONVERSION = YES;
				CLANG_WARN_DEPRECATED_OBJC_IMPLEMENTATIONS = YES;
				CLANG_WARN_DIRECT_OBJC_ISA_USAGE = YES_ERROR;
				CLANG_WARN_DOCUMENTATION_COMMENTS = YES;
				CLANG_WARN_EMPTY_BODY = YES;
				CLANG_WARN_ENUM_CONVERSION = YES;
				CLANG_WARN_INFINITE_RECURSION = YES;
				CLANG_WARN_INT_CONVERSION = YES;
				CLANG_WARN_NON_LITERAL_NULL_CONVERSION = YES;
				CLANG_WARN_OBJC_IMPLICIT_RETAIN_SELF = YES;
				CLANG_WARN_OBJC_LITERAL_CONVERSION = YES;
				CLANG_WARN_OBJC_ROOT_CLASS = YES_ERROR;
				CLANG_WARN_QUOTED_INCLUDE_IN_FRAMEWORK_HEADER = YES;
				CLANG_WARN_RANGE_LOOP_ANALYSIS = YES;
				CLANG_WARN_STRICT_PROTOTYPES = YES;
				CLANG_WARN_SUSPICIOUS_MOVE = YES;
				CLANG_WARN_UNGUARDED_AVAILABILITY = YES_AGGRESSIVE;
				CLANG_WARN_UNREACHABLE_CODE = YES;
				CLANG_WARN__DUPLICATE_METHOD_MATCH = YES;
				COPY_PHASE_STRIP = NO;
				DEBUG_INFORMATION_FORMAT = dwarf;
				ENABLE_STRICT_OBJC_MSGSEND = YES;
				ENABLE_TESTABILITY = YES;
				GCC_C_LANGUAGE_STANDARD = gnu11;
				GCC_DYNAMIC_NO_PIC = NO;
				GCC_NO_COMMON_BLOCKS = YES;
				GCC_OPTIMIZATION_LEVEL = 0;
				GCC_PREPROCESSOR_DEFINITIONS = (
					"DEBUG=1",
					"$(inherited)",
				);
				GCC_WARN_64_TO_32_BIT_CONVERSION = YES;
				GCC_WARN_ABOUT_RETURN_TYPE = YES_ERROR;
				GCC_WARN_UNDECLARED_SELECTOR = YES;
				GCC_WARN_UNINITIALIZED_AUTOS = YES_AGGRESSIVE;
				GCC_WARN_UNUSED_FUNCTION = YES;
				GCC_WARN_UNUSED_VARIABLE = YES;
				IPHONEOS_DEPLOYMENT_TARGET = 15.0;
				MTL_ENABLE_DEBUG_INFO = INCLUDE_SOURCE;
				MTL_FAST_MATH = YES;
				ONLY_ACTIVE_ARCH = YES;
				SDKROOT = iphoneos;
				SWIFT_ACTIVE_COMPILATION_CONDITIONS = DEBUG;
				SWIFT_OPTIMIZATION_LEVEL = "-Onone";
			};
			name = Debug;
		};
		6EC2E7F7273CC6580062B283 /* Release */ = {
			isa = XCBuildConfiguration;
			buildSettings = {
				ALWAYS_SEARCH_USER_PATHS = NO;
				CLANG_ANALYZER_NONNULL = YES;
				CLANG_ANALYZER_NUMBER_OBJECT_CONVERSION = YES_AGGRESSIVE;
				CLANG_CXX_LANGUAGE_STANDARD = "gnu++17";
				CLANG_CXX_LIBRARY = "libc++";
				CLANG_ENABLE_MODULES = YES;
				CLANG_ENABLE_OBJC_ARC = YES;
				CLANG_ENABLE_OBJC_WEAK = YES;
				CLANG_WARN_BLOCK_CAPTURE_AUTORELEASING = YES;
				CLANG_WARN_BOOL_CONVERSION = YES;
				CLANG_WARN_COMMA = YES;
				CLANG_WARN_CONSTANT_CONVERSION = YES;
				CLANG_WARN_DEPRECATED_OBJC_IMPLEMENTATIONS = YES;
				CLANG_WARN_DIRECT_OBJC_ISA_USAGE = YES_ERROR;
				CLANG_WARN_DOCUMENTATION_COMMENTS = YES;
				CLANG_WARN_EMPTY_BODY = YES;
				CLANG_WARN_ENUM_CONVERSION = YES;
				CLANG_WARN_INFINITE_RECURSION = YES;
				CLANG_WARN_INT_CONVERSION = YES;
				CLANG_WARN_NON_LITERAL_NULL_CONVERSION = YES;
				CLANG_WARN_OBJC_IMPLICIT_RETAIN_SELF = YES;
				CLANG_WARN_OBJC_LITERAL_CONVERSION = YES;
				CLANG_WARN_OBJC_ROOT_CLASS = YES_ERROR;
				CLANG_WARN_QUOTED_INCLUDE_IN_FRAMEWORK_HEADER = YES;
				CLANG_WARN_RANGE_LOOP_ANALYSIS = YES;
				CLANG_WARN_STRICT_PROTOTYPES = YES;
				CLANG_WARN_SUSPICIOUS_MOVE = YES;
				CLANG_WARN_UNGUARDED_AVAILABILITY = YES_AGGRESSIVE;
				CLANG_WARN_UNREACHABLE_CODE = YES;
				CLANG_WARN__DUPLICATE_METHOD_MATCH = YES;
				COPY_PHASE_STRIP = NO;
				DEBUG_INFORMATION_FORMAT = "dwarf-with-dsym";
				ENABLE_NS_ASSERTIONS = NO;
				ENABLE_STRICT_OBJC_MSGSEND = YES;
				GCC_C_LANGUAGE_STANDARD = gnu11;
				GCC_NO_COMMON_BLOCKS = YES;
				GCC_WARN_64_TO_32_BIT_CONVERSION = YES;
				GCC_WARN_ABOUT_RETURN_TYPE = YES_ERROR;
				GCC_WARN_UNDECLARED_SELECTOR = YES;
				GCC_WARN_UNINITIALIZED_AUTOS = YES_AGGRESSIVE;
				GCC_WARN_UNUSED_FUNCTION = YES;
				GCC_WARN_UNUSED_VARIABLE = YES;
				IPHONEOS_DEPLOYMENT_TARGET = 15.0;
				MTL_ENABLE_DEBUG_INFO = NO;
				MTL_FAST_MATH = YES;
				SDKROOT = iphoneos;
				SWIFT_COMPILATION_MODE = wholemodule;
				SWIFT_OPTIMIZATION_LEVEL = "-O";
				VALIDATE_PRODUCT = YES;
			};
			name = Release;
		};
		6EC2E7F9273CC6580062B283 /* Debug */ = {
			isa = XCBuildConfiguration;
			buildSettings = {
				ASSETCATALOG_COMPILER_APPICON_NAME = AppIcon;
				ASSETCATALOG_COMPILER_GLOBAL_ACCENT_COLOR_NAME = AccentColor;
				CODE_SIGN_STYLE = Automatic;
				CURRENT_PROJECT_VERSION = 1;
				DEVELOPMENT_TEAM = 43T3X8U766;
				GENERATE_INFOPLIST_FILE = YES;
				INFOPLIST_FILE = "CS329E-Final/Info.plist";
				INFOPLIST_KEY_UIApplicationSupportsIndirectInputEvents = YES;
				INFOPLIST_KEY_UILaunchStoryboardName = LaunchScreen;
				INFOPLIST_KEY_UIMainStoryboardFile = Main;
				INFOPLIST_KEY_UISupportedInterfaceOrientations_iPad = "UIInterfaceOrientationPortrait UIInterfaceOrientationPortraitUpsideDown UIInterfaceOrientationLandscapeLeft UIInterfaceOrientationLandscapeRight";
				INFOPLIST_KEY_UISupportedInterfaceOrientations_iPhone = "UIInterfaceOrientationPortrait UIInterfaceOrientationLandscapeLeft UIInterfaceOrientationLandscapeRight";
				LD_RUNPATH_SEARCH_PATHS = (
					"$(inherited)",
					"@executable_path/Frameworks",
				);
				MARKETING_VERSION = 1.0;
				PRODUCT_BUNDLE_IDENTIFIER = "NaranjaCorp.CS329E-Final";
				PRODUCT_NAME = "$(TARGET_NAME)";
				SWIFT_EMIT_LOC_STRINGS = YES;
				SWIFT_VERSION = 5.0;
				TARGETED_DEVICE_FAMILY = "1,2";
			};
			name = Debug;
		};
		6EC2E7FA273CC6580062B283 /* Release */ = {
			isa = XCBuildConfiguration;
			buildSettings = {
				ASSETCATALOG_COMPILER_APPICON_NAME = AppIcon;
				ASSETCATALOG_COMPILER_GLOBAL_ACCENT_COLOR_NAME = AccentColor;
				CODE_SIGN_STYLE = Automatic;
				CURRENT_PROJECT_VERSION = 1;
				DEVELOPMENT_TEAM = 43T3X8U766;
				GENERATE_INFOPLIST_FILE = YES;
				INFOPLIST_FILE = "CS329E-Final/Info.plist";
				INFOPLIST_KEY_UIApplicationSupportsIndirectInputEvents = YES;
				INFOPLIST_KEY_UILaunchStoryboardName = LaunchScreen;
				INFOPLIST_KEY_UIMainStoryboardFile = Main;
				INFOPLIST_KEY_UISupportedInterfaceOrientations_iPad = "UIInterfaceOrientationPortrait UIInterfaceOrientationPortraitUpsideDown UIInterfaceOrientationLandscapeLeft UIInterfaceOrientationLandscapeRight";
				INFOPLIST_KEY_UISupportedInterfaceOrientations_iPhone = "UIInterfaceOrientationPortrait UIInterfaceOrientationLandscapeLeft UIInterfaceOrientationLandscapeRight";
				LD_RUNPATH_SEARCH_PATHS = (
					"$(inherited)",
					"@executable_path/Frameworks",
				);
				MARKETING_VERSION = 1.0;
				PRODUCT_BUNDLE_IDENTIFIER = "NaranjaCorp.CS329E-Final";
				PRODUCT_NAME = "$(TARGET_NAME)";
				SWIFT_EMIT_LOC_STRINGS = YES;
				SWIFT_VERSION = 5.0;
				TARGETED_DEVICE_FAMILY = "1,2";
			};
			name = Release;
		};
		6EC2E7FC273CC6580062B283 /* Debug */ = {
			isa = XCBuildConfiguration;
			buildSettings = {
				ALWAYS_EMBED_SWIFT_STANDARD_LIBRARIES = YES;
				BUNDLE_LOADER = "$(TEST_HOST)";
				CODE_SIGN_STYLE = Automatic;
				CURRENT_PROJECT_VERSION = 1;
				DEVELOPMENT_TEAM = HCYJH8AZJX;
				GENERATE_INFOPLIST_FILE = YES;
				IPHONEOS_DEPLOYMENT_TARGET = 15.0;
				LD_RUNPATH_SEARCH_PATHS = (
					"$(inherited)",
					"@executable_path/Frameworks",
					"@loader_path/Frameworks",
				);
				MARKETING_VERSION = 1.0;
				PRODUCT_BUNDLE_IDENTIFIER = "NaranjaCorp.CS329E-FinalTests";
				PRODUCT_NAME = "$(TARGET_NAME)";
				SWIFT_EMIT_LOC_STRINGS = NO;
				SWIFT_VERSION = 5.0;
				TARGETED_DEVICE_FAMILY = "1,2";
				TEST_HOST = "$(BUILT_PRODUCTS_DIR)/CS329E-Final.app/CS329E-Final";
			};
			name = Debug;
		};
		6EC2E7FD273CC6580062B283 /* Release */ = {
			isa = XCBuildConfiguration;
			buildSettings = {
				ALWAYS_EMBED_SWIFT_STANDARD_LIBRARIES = YES;
				BUNDLE_LOADER = "$(TEST_HOST)";
				CODE_SIGN_STYLE = Automatic;
				CURRENT_PROJECT_VERSION = 1;
				DEVELOPMENT_TEAM = HCYJH8AZJX;
				GENERATE_INFOPLIST_FILE = YES;
				IPHONEOS_DEPLOYMENT_TARGET = 15.0;
				LD_RUNPATH_SEARCH_PATHS = (
					"$(inherited)",
					"@executable_path/Frameworks",
					"@loader_path/Frameworks",
				);
				MARKETING_VERSION = 1.0;
				PRODUCT_BUNDLE_IDENTIFIER = "NaranjaCorp.CS329E-FinalTests";
				PRODUCT_NAME = "$(TARGET_NAME)";
				SWIFT_EMIT_LOC_STRINGS = NO;
				SWIFT_VERSION = 5.0;
				TARGETED_DEVICE_FAMILY = "1,2";
				TEST_HOST = "$(BUILT_PRODUCTS_DIR)/CS329E-Final.app/CS329E-Final";
			};
			name = Release;
		};
		6EC2E7FF273CC6580062B283 /* Debug */ = {
			isa = XCBuildConfiguration;
			buildSettings = {
				ALWAYS_EMBED_SWIFT_STANDARD_LIBRARIES = YES;
				CODE_SIGN_STYLE = Automatic;
				CURRENT_PROJECT_VERSION = 1;
				DEVELOPMENT_TEAM = HCYJH8AZJX;
				GENERATE_INFOPLIST_FILE = YES;
				LD_RUNPATH_SEARCH_PATHS = (
					"$(inherited)",
					"@executable_path/Frameworks",
					"@loader_path/Frameworks",
				);
				MARKETING_VERSION = 1.0;
				PRODUCT_BUNDLE_IDENTIFIER = "NaranjaCorp.CS329E-FinalUITests";
				PRODUCT_NAME = "$(TARGET_NAME)";
				SWIFT_EMIT_LOC_STRINGS = NO;
				SWIFT_VERSION = 5.0;
				TARGETED_DEVICE_FAMILY = "1,2";
				TEST_TARGET_NAME = "CS329E-Final";
			};
			name = Debug;
		};
		6EC2E800273CC6580062B283 /* Release */ = {
			isa = XCBuildConfiguration;
			buildSettings = {
				ALWAYS_EMBED_SWIFT_STANDARD_LIBRARIES = YES;
				CODE_SIGN_STYLE = Automatic;
				CURRENT_PROJECT_VERSION = 1;
				DEVELOPMENT_TEAM = HCYJH8AZJX;
				GENERATE_INFOPLIST_FILE = YES;
				LD_RUNPATH_SEARCH_PATHS = (
					"$(inherited)",
					"@executable_path/Frameworks",
					"@loader_path/Frameworks",
				);
				MARKETING_VERSION = 1.0;
				PRODUCT_BUNDLE_IDENTIFIER = "NaranjaCorp.CS329E-FinalUITests";
				PRODUCT_NAME = "$(TARGET_NAME)";
				SWIFT_EMIT_LOC_STRINGS = NO;
				SWIFT_VERSION = 5.0;
				TARGETED_DEVICE_FAMILY = "1,2";
				TEST_TARGET_NAME = "CS329E-Final";
			};
			name = Release;
		};
/* End XCBuildConfiguration section */

/* Begin XCConfigurationList section */
		6EC2E7C6273CC6570062B283 /* Build configuration list for PBXProject "CS329E-Final" */ = {
			isa = XCConfigurationList;
			buildConfigurations = (
				6EC2E7F6273CC6580062B283 /* Debug */,
				6EC2E7F7273CC6580062B283 /* Release */,
			);
			defaultConfigurationIsVisible = 0;
			defaultConfigurationName = Release;
		};
		6EC2E7F8273CC6580062B283 /* Build configuration list for PBXNativeTarget "CS329E-Final" */ = {
			isa = XCConfigurationList;
			buildConfigurations = (
				6EC2E7F9273CC6580062B283 /* Debug */,
				6EC2E7FA273CC6580062B283 /* Release */,
			);
			defaultConfigurationIsVisible = 0;
			defaultConfigurationName = Release;
		};
		6EC2E7FB273CC6580062B283 /* Build configuration list for PBXNativeTarget "CS329E-FinalTests" */ = {
			isa = XCConfigurationList;
			buildConfigurations = (
				6EC2E7FC273CC6580062B283 /* Debug */,
				6EC2E7FD273CC6580062B283 /* Release */,
			);
			defaultConfigurationIsVisible = 0;
			defaultConfigurationName = Release;
		};
		6EC2E7FE273CC6580062B283 /* Build configuration list for PBXNativeTarget "CS329E-FinalUITests" */ = {
			isa = XCConfigurationList;
			buildConfigurations = (
				6EC2E7FF273CC6580062B283 /* Debug */,
				6EC2E800273CC6580062B283 /* Release */,
			);
			defaultConfigurationIsVisible = 0;
			defaultConfigurationName = Release;
		};
/* End XCConfigurationList section */

/* Begin XCRemoteSwiftPackageReference section */
		3E08569A2750CA5800CE7F47 /* XCRemoteSwiftPackageReference "firebase-ios-sdk" */ = {
			isa = XCRemoteSwiftPackageReference;
			repositoryURL = "https://github.com/firebase/firebase-ios-sdk.git";
			requirement = {
				branch = master;
				kind = branch;
			};
		};
/* End XCRemoteSwiftPackageReference section */

/* Begin XCSwiftPackageProductDependency section */
		3E08569B2750CA5800CE7F47 /* FirebaseAuth */ = {
			isa = XCSwiftPackageProductDependency;
			package = 3E08569A2750CA5800CE7F47 /* XCRemoteSwiftPackageReference "firebase-ios-sdk" */;
			productName = FirebaseAuth;
		};
/* End XCSwiftPackageProductDependency section */

/* Begin XCVersionGroup section */
		6EC2E7D7273CC6570062B283 /* CS329E_Final.xcdatamodeld */ = {
			isa = XCVersionGroup;
			children = (
				6EC2E7D8273CC6570062B283 /* CS329E_Final.xcdatamodel */,
			);
			currentVersion = 6EC2E7D8273CC6570062B283 /* CS329E_Final.xcdatamodel */;
			path = CS329E_Final.xcdatamodeld;
			sourceTree = "<group>";
			versionGroupType = wrapper.xcdatamodel;
		};
/* End XCVersionGroup section */
	};
	rootObject = 6EC2E7C3273CC6570062B283 /* Project object */;
}
